
Microsoft Visual Studio Solution File, Format Version 12.00
# Visual Studio Version 16
VisualStudioVersion = 16.0.31727.386
MinimumVisualStudioVersion = 10.0.40219.1
Project("{FAE04EC0-301F-11D3-BF4B-00C04F79EFBC}") = "AntDesignContextMenu", "AntDesignContextMenu.csproj", "{CEDED334-6E2D-45B0-9044-2CDA353BE74C}"
EndProject
Global
	GlobalSection(SolutionConfigurationPlatforms) = preSolution
		Debug|Any CPU = Debug|Any CPU
		Release|Any CPU = Release|Any CPU
	EndGlobalSection
	GlobalSection(ProjectConfigurationPlatforms) = postSolution
		{CEDED334-6E2D-45B0-9044-2CDA353BE74C}.Debug|Any CPU.ActiveCfg = Debug|Any CPU
		{CEDED334-6E2D-45B0-9044-2CDA353BE74C}.Debug|Any CPU.Build.0 = Debug|Any CPU
		{CEDED334-6E2D-45B0-9044-2CDA353BE74C}.Release|Any CPU.ActiveCfg = Release|Any CPU
		{CEDED334-6E2D-45B0-9044-2CDA353BE74C}.Release|Any CPU.Build.0 = Release|Any CPU
	EndGlobalSection
	GlobalSection(SolutionProperties) = preSolution
		HideSolutionNode = FALSE
	EndGlobalSection
	GlobalSection(ExtensibilityGlobals) = postSolution
		SolutionGuid = {1AC9888B-7D7A-4511-AB11-6ACF47F8C0C1}
	EndGlobalSection
EndGlobal
